("quicklisp" .
 (:class qlot/source/dist:source-dist
  :initargs (:distribution "http://beta.quicklisp.org/dist/quicklisp.txt" :%version :latest)
  :version "2021-08-07"))
("clack" .
 (:class qlot/source/ql:source-ql
  :initargs (:%version :latest)
  :version "ql-2021-08-07"))
("nail" .
 (:class qlot/source/git:source-git
  :initargs (:remote-url "https://github.com/fukamachi/nail")
  :version "git-cf681793d9e2fe79dec7b1a15f87543804b9d7f9"))
